
Microsoft Visual Studio Solution File, Format Version 12.00
# Visual Studio Version 17
VisualStudioVersion = 17.8.34511.84
MinimumVisualStudioVersion = 10.0.40219.1
Project("{9A19103F-16F7-4668-BE54-9A1E7A4F7556}") = "rtl_test", "rtl_test\rtl_test.csproj", "{646CBEFE-F4B4-4E80-9D0C-09A7E509D250}"
EndProject
Project("{9A19103F-16F7-4668-BE54-9A1E7A4F7556}") = "module", "nodeModule\module.csproj", "{CA014B50-0871-4DE4-992D-1C2A2BD0BF34}"
EndProject
Project("{888888A0-9F3D-457C-B088-3A5042F75D52}") = "freq_converter", "freq_converter\freq_converter.pyproj", "{C3961A17-DB92-44A6-BB05-8858F773A0FB}"
EndProject
Global
	GlobalSection(SolutionConfigurationPlatforms) = preSolution
		Debug|Any CPU = Debug|Any CPU
		Release|Any CPU = Release|Any CPU
	EndGlobalSection
	GlobalSection(ProjectConfigurationPlatforms) = postSolution
		{646CBEFE-F4B4-4E80-9D0C-09A7E509D250}.Debug|Any CPU.ActiveCfg = Debug|Any CPU
		{646CBEFE-F4B4-4E80-9D0C-09A7E509D250}.Debug|Any CPU.Build.0 = Debug|Any CPU
		{646CBEFE-F4B4-4E80-9D0C-09A7E509D250}.Release|Any CPU.ActiveCfg = Release|Any CPU
		{646CBEFE-F4B4-4E80-9D0C-09A7E509D250}.Release|Any CPU.Build.0 = Release|Any CPU
		{CA014B50-0871-4DE4-992D-1C2A2BD0BF34}.Debug|Any CPU.ActiveCfg = Debug|Any CPU
		{CA014B50-0871-4DE4-992D-1C2A2BD0BF34}.Debug|Any CPU.Build.0 = Debug|Any CPU
		{CA014B50-0871-4DE4-992D-1C2A2BD0BF34}.Release|Any CPU.ActiveCfg = Release|Any CPU
		{CA014B50-0871-4DE4-992D-1C2A2BD0BF34}.Release|Any CPU.Build.0 = Release|Any CPU
		{C3961A17-DB92-44A6-BB05-8858F773A0FB}.Debug|Any CPU.ActiveCfg = Debug|Any CPU
		{C3961A17-DB92-44A6-BB05-8858F773A0FB}.Release|Any CPU.ActiveCfg = Release|Any CPU
	EndGlobalSection
	GlobalSection(SolutionProperties) = preSolution
		HideSolutionNode = FALSE
	EndGlobalSection
	GlobalSection(ExtensibilityGlobals) = postSolution
		SolutionGuid = {1F0A5320-5716-441F-A12B-AEA3D42C59D8}
	EndGlobalSection
EndGlobal
